
Microsoft Visual Studio Solution File, Format Version 12.00
# Visual Studio Version 17
VisualStudioVersion = 17.0.32014.148
MinimumVisualStudioVersion = 10.0.40219.1
Project("{FAE04EC0-301F-11D3-BF4B-00C04F79EFBC}") = "GameProject", "GameProject.csproj", "{C2FF3C63-EECD-4999-8AA0-67DF29B7D7D6}"
EndProject
Project("{FAE04EC0-301F-11D3-BF4B-00C04F79EFBC}") = "ComputerScreen", "..\ComputerScreen\ComputerScreen.csproj", "{2427E4C2-5642-493A-A5B3-479FA02A73B9}"
EndProject
Project("{FAE04EC0-301F-11D3-BF4B-00C04F79EFBC}") = "HintsDLLproj", "..\HintsDLLproj\HintsDLLproj.csproj", "{8072E367-0B24-463D-BA18-B57FE0C08EEA}"
EndProject
Global
	GlobalSection(SolutionConfigurationPlatforms) = preSolution
		Debug|Any CPU = Debug|Any CPU
		Release|Any CPU = Release|Any CPU
	EndGlobalSection
	GlobalSection(ProjectConfigurationPlatforms) = postSolution
		{C2FF3C63-EECD-4999-8AA0-67DF29B7D7D6}.Debug|Any CPU.ActiveCfg = Debug|Any CPU
		{C2FF3C63-EECD-4999-8AA0-67DF29B7D7D6}.Debug|Any CPU.Build.0 = Debug|Any CPU
		{C2FF3C63-EECD-4999-8AA0-67DF29B7D7D6}.Release|Any CPU.ActiveCfg = Release|Any CPU
		{C2FF3C63-EECD-4999-8AA0-67DF29B7D7D6}.Release|Any CPU.Build.0 = Release|Any CPU
		{2427E4C2-5642-493A-A5B3-479FA02A73B9}.Debug|Any CPU.ActiveCfg = Debug|Any CPU
		{2427E4C2-5642-493A-A5B3-479FA02A73B9}.Debug|Any CPU.Build.0 = Debug|Any CPU
		{2427E4C2-5642-493A-A5B3-479FA02A73B9}.Release|Any CPU.ActiveCfg = Release|Any CPU
		{2427E4C2-5642-493A-A5B3-479FA02A73B9}.Release|Any CPU.Build.0 = Release|Any CPU
		{8072E367-0B24-463D-BA18-B57FE0C08EEA}.Debug|Any CPU.ActiveCfg = Debug|Any CPU
		{8072E367-0B24-463D-BA18-B57FE0C08EEA}.Debug|Any CPU.Build.0 = Debug|Any CPU
		{8072E367-0B24-463D-BA18-B57FE0C08EEA}.Release|Any CPU.ActiveCfg = Release|Any CPU
		{8072E367-0B24-463D-BA18-B57FE0C08EEA}.Release|Any CPU.Build.0 = Release|Any CPU
	EndGlobalSection
	GlobalSection(SolutionProperties) = preSolution
		HideSolutionNode = FALSE
	EndGlobalSection
	GlobalSection(ExtensibilityGlobals) = postSolution
		SolutionGuid = {C0947BA8-C50B-4C30-9EBD-34A2EDAEEF21}
	EndGlobalSection
EndGlobal
