
Microsoft Visual Studio Solution File, Format Version 12.00
# Visual Studio Version 17
VisualStudioVersion = 17.0.32014.148
MinimumVisualStudioVersion = 10.0.40219.1
Project("{FAE04EC0-301F-11D3-BF4B-00C04F79EFBC}") = "ComputerScreen", "ComputerScreen.csproj", "{2427E4C2-5642-493A-A5B3-479FA02A73B9}"
EndProject
Global
	GlobalSection(SolutionConfigurationPlatforms) = preSolution
		Debug|Any CPU = Debug|Any CPU
		Release|Any CPU = Release|Any CPU
	EndGlobalSection
	GlobalSection(ProjectConfigurationPlatforms) = postSolution
		{2427E4C2-5642-493A-A5B3-479FA02A73B9}.Debug|Any CPU.ActiveCfg = Debug|Any CPU
		{2427E4C2-5642-493A-A5B3-479FA02A73B9}.Debug|Any CPU.Build.0 = Debug|Any CPU
		{2427E4C2-5642-493A-A5B3-479FA02A73B9}.Release|Any CPU.ActiveCfg = Release|Any CPU
		{2427E4C2-5642-493A-A5B3-479FA02A73B9}.Release|Any CPU.Build.0 = Release|Any CPU
	EndGlobalSection
	GlobalSection(SolutionProperties) = preSolution
		HideSolutionNode = FALSE
	EndGlobalSection
	GlobalSection(ExtensibilityGlobals) = postSolution
		SolutionGuid = {D548F308-3756-4B72-B19D-564FAC6C9CB3}
	EndGlobalSection
EndGlobal
